
Microsoft Visual Studio Solution File, Format Version 12.00
# Visual Studio Version 16
VisualStudioVersion = 16.0.32428.217
MinimumVisualStudioVersion = 10.0.40219.1
Project("{9A19103F-16F7-4668-BE54-9A1E7A4F7556}") = "HotelBookingMicroservice", "HotelBookingMicroservice.csproj", "{6593A43B-506D-44F3-A762-A390A4BF13B3}"
EndProject
Project("{9A19103F-16F7-4668-BE54-9A1E7A4F7556}") = "HotelBookingMicroservice.Tests", "..\HotelBookingMicroservice.Tests\HotelBookingMicroservice.Tests.csproj", "{AD5A4F16-E892-469F-A0A8-6885E259A58C}"
EndProject
Project("{2150E333-8FDC-42A3-9474-1A3956D46DE8}") = "Solution Items", "Solution Items", "{40CAFA8B-2354-4E2F-B638-AD0640EC8291}"
	ProjectSection(SolutionItems) = preProject
		log4net.config = log4net.config
	EndProjectSection
EndProject
Global
	GlobalSection(SolutionConfigurationPlatforms) = preSolution
		Debug|Any CPU = Debug|Any CPU
		Release|Any CPU = Release|Any CPU
	EndGlobalSection
	GlobalSection(ProjectConfigurationPlatforms) = postSolution
		{6593A43B-506D-44F3-A762-A390A4BF13B3}.Debug|Any CPU.ActiveCfg = Debug|Any CPU
		{6593A43B-506D-44F3-A762-A390A4BF13B3}.Debug|Any CPU.Build.0 = Debug|Any CPU
		{6593A43B-506D-44F3-A762-A390A4BF13B3}.Release|Any CPU.ActiveCfg = Release|Any CPU
		{6593A43B-506D-44F3-A762-A390A4BF13B3}.Release|Any CPU.Build.0 = Release|Any CPU
		{AD5A4F16-E892-469F-A0A8-6885E259A58C}.Debug|Any CPU.ActiveCfg = Debug|Any CPU
		{AD5A4F16-E892-469F-A0A8-6885E259A58C}.Debug|Any CPU.Build.0 = Debug|Any CPU
		{AD5A4F16-E892-469F-A0A8-6885E259A58C}.Release|Any CPU.ActiveCfg = Release|Any CPU
		{AD5A4F16-E892-469F-A0A8-6885E259A58C}.Release|Any CPU.Build.0 = Release|Any CPU
	EndGlobalSection
	GlobalSection(SolutionProperties) = preSolution
		HideSolutionNode = FALSE
	EndGlobalSection
	GlobalSection(ExtensibilityGlobals) = postSolution
		SolutionGuid = {F86DE6D3-B939-44F0-9B5E-1FF06D001E0A}
	EndGlobalSection
EndGlobal
